
Microsoft Visual Studio Solution File, Format Version 12.00
# Visual Studio 2017
Project("{FAE04EC0-301F-11D3-BF4B-00C04F79EFBC}") = "SpaceShooterFinal", "SpaceShooterFinal.csproj", "{CCA939EC-3F29-849B-8448-A3B84B5A4583}"
EndProject
Project("{FAE04EC0-301F-11D3-BF4B-00C04F79EFBC}") = "SpaceShooterFinal.Editor", "SpaceShooterFinal.Editor.csproj", "{61093C81-C6A0-D8EB-0EFC-7E91434BF3B8}"
EndProject
Global
	GlobalSection(SolutionConfigurationPlatforms) = preSolution
		Debug|Any CPU = Debug|Any CPU
		Release|Any CPU = Release|Any CPU
	EndGlobalSection
	GlobalSection(ProjectConfigurationPlatforms) = postSolution
		{CCA939EC-3F29-849B-8448-A3B84B5A4583}.Debug|Any CPU.ActiveCfg = Debug|Any CPU
		{CCA939EC-3F29-849B-8448-A3B84B5A4583}.Debug|Any CPU.Build.0 = Debug|Any CPU
		{CCA939EC-3F29-849B-8448-A3B84B5A4583}.Release|Any CPU.ActiveCfg = Release|Any CPU
		{CCA939EC-3F29-849B-8448-A3B84B5A4583}.Release|Any CPU.Build.0 = Release|Any CPU
		{61093C81-C6A0-D8EB-0EFC-7E91434BF3B8}.Debug|Any CPU.ActiveCfg = Debug|Any CPU
		{61093C81-C6A0-D8EB-0EFC-7E91434BF3B8}.Debug|Any CPU.Build.0 = Debug|Any CPU
		{61093C81-C6A0-D8EB-0EFC-7E91434BF3B8}.Release|Any CPU.ActiveCfg = Release|Any CPU
		{61093C81-C6A0-D8EB-0EFC-7E91434BF3B8}.Release|Any CPU.Build.0 = Release|Any CPU
	EndGlobalSection
	GlobalSection(SolutionProperties) = preSolution
		HideSolutionNode = FALSE
	EndGlobalSection
EndGlobal
