
Microsoft Visual Studio Solution File, Format Version 12.00
# Visual Studio 15
VisualStudioVersion = 15.0.27130.0
MinimumVisualStudioVersion = 10.0.40219.1
Project("{FAE04EC0-301F-11D3-BF4B-00C04F79EFBC}") = "connect4", "connect4\connect4.csproj", "{15479166-617F-4EB4-B650-858B96D5CF5B}"
EndProject
Global
	GlobalSection(SolutionConfigurationPlatforms) = preSolution
		Debug|Any CPU = Debug|Any CPU
		Release|Any CPU = Release|Any CPU
	EndGlobalSection
	GlobalSection(ProjectConfigurationPlatforms) = postSolution
		{15479166-617F-4EB4-B650-858B96D5CF5B}.Debug|Any CPU.ActiveCfg = Debug|Any CPU
		{15479166-617F-4EB4-B650-858B96D5CF5B}.Debug|Any CPU.Build.0 = Debug|Any CPU
		{15479166-617F-4EB4-B650-858B96D5CF5B}.Release|Any CPU.ActiveCfg = Release|Any CPU
		{15479166-617F-4EB4-B650-858B96D5CF5B}.Release|Any CPU.Build.0 = Release|Any CPU
	EndGlobalSection
	GlobalSection(SolutionProperties) = preSolution
		HideSolutionNode = FALSE
	EndGlobalSection
	GlobalSection(ExtensibilityGlobals) = postSolution
		SolutionGuid = {5E006164-F41A-42C9-A085-95AFC5E5FF7A}
	EndGlobalSection
EndGlobal
